// !$*UTF8*$!
{
	archiveVersion = 1;
	classes = {
	};
	objectVersion = 51;
	objects = {

/* Begin PBXBuildFile section */
		05A9E7C96DDE248DE7047090 /* Pods_Dangeun.framework in Frameworks */ = {isa = PBXBuildFile; fileRef = DAB48C41AD8F5295235C1570 /* Pods_Dangeun.framework */; };
		0AD9700A0FC4C555821A02AC /* Pods_Dangeun_DangeunUITests.framework in Frameworks */ = {isa = PBXBuildFile; fileRef = 46E37FDF9DD18C8EC8528638 /* Pods_Dangeun_DangeunUITests.framework */; };
		16637F2642D275FC7A101E21 /* Pods_DangeunTests.framework in Frameworks */ = {isa = PBXBuildFile; fileRef = C6359365D4E5FFBD07E9300F /* Pods_DangeunTests.framework */; };
		8D484F2F26AC19C6009F1B54 /* ViewModelType.swift in Sources */ = {isa = PBXBuildFile; fileRef = 8D484F2E26AC19C6009F1B54 /* ViewModelType.swift */; };
		8D484F3526AC1A1A009F1B54 /* HomeViewModel.swift in Sources */ = {isa = PBXBuildFile; fileRef = 8D484F3426AC1A1A009F1B54 /* HomeViewModel.swift */; };
		8D484F3726AC1A8A009F1B54 /* HomeViewModelTests.swift in Sources */ = {isa = PBXBuildFile; fileRef = 8D484F3626AC1A8A009F1B54 /* HomeViewModelTests.swift */; };
		8D484F3A26AC2400009F1B54 /* DataManager.swift in Sources */ = {isa = PBXBuildFile; fileRef = 8D484F3926AC2400009F1B54 /* DataManager.swift */; };
		8D484F3C26AC2D6A009F1B54 /* Product.swift in Sources */ = {isa = PBXBuildFile; fileRef = 8D484F3B26AC2D6A009F1B54 /* Product.swift */; };
		8D484F3E26AC2E26009F1B54 /* NSObject+Extension.swift in Sources */ = {isa = PBXBuildFile; fileRef = 8D484F3D26AC2E26009F1B54 /* NSObject+Extension.swift */; };
		8D484F4026AC3C00009F1B54 /* DataExample.json in Resources */ = {isa = PBXBuildFile; fileRef = 8D484F3F26AC3C00009F1B54 /* DataExample.json */; };
		D3DC466626A8548100E2C7C6 /* AppDelegate.swift in Sources */ = {isa = PBXBuildFile; fileRef = D3DC466526A8548100E2C7C6 /* AppDelegate.swift */; };
		D3DC466A26A8548100E2C7C6 /* HomeViewController.swift in Sources */ = {isa = PBXBuildFile; fileRef = D3DC466926A8548100E2C7C6 /* HomeViewController.swift */; };
		D3DC466F26A8548100E2C7C6 /* Assets.xcassets in Resources */ = {isa = PBXBuildFile; fileRef = D3DC466E26A8548100E2C7C6 /* Assets.xcassets */; };
		D3DC467226A8548100E2C7C6 /* LaunchScreen.storyboard in Resources */ = {isa = PBXBuildFile; fileRef = D3DC467026A8548100E2C7C6 /* LaunchScreen.storyboard */; };
		D3DC467D26A8548100E2C7C6 /* DangeunTests.swift in Sources */ = {isa = PBXBuildFile; fileRef = D3DC467C26A8548100E2C7C6 /* DangeunTests.swift */; };
		D3DC468826A8548100E2C7C6 /* DangeunUITests.swift in Sources */ = {isa = PBXBuildFile; fileRef = D3DC468726A8548100E2C7C6 /* DangeunUITests.swift */; };
		D3DC46B126A8652400E2C7C6 /* Coordinator.swift in Sources */ = {isa = PBXBuildFile; fileRef = D3DC46B026A8652400E2C7C6 /* Coordinator.swift */; };
		D3DC46B626A8658800E2C7C6 /* AppCoordinator.swift in Sources */ = {isa = PBXBuildFile; fileRef = D3DC46B526A8658800E2C7C6 /* AppCoordinator.swift */; };
		D3DC46BD26A865C800E2C7C6 /* AppCoordinatorTests.swift in Sources */ = {isa = PBXBuildFile; fileRef = D3DC46BC26A865C800E2C7C6 /* AppCoordinatorTests.swift */; };
		D3DC46C526A8681C00E2C7C6 /* HomeCoordinator.swift in Sources */ = {isa = PBXBuildFile; fileRef = D3DC46C426A8681C00E2C7C6 /* HomeCoordinator.swift */; };
		D3DC46DB26A8A1C100E2C7C6 /* TopBarView.swift in Sources */ = {isa = PBXBuildFile; fileRef = D3DC46DA26A8A1C000E2C7C6 /* TopBarView.swift */; };
		D3DC46E026A8A89E00E2C7C6 /* ProductCell.swift in Sources */ = {isa = PBXBuildFile; fileRef = D3DC46DF26A8A89E00E2C7C6 /* ProductCell.swift */; };
/* End PBXBuildFile section */

/* Begin PBXContainerItemProxy section */
		D3DC467926A8548100E2C7C6 /* PBXContainerItemProxy */ = {
			isa = PBXContainerItemProxy;
			containerPortal = D3DC465A26A8548100E2C7C6 /* Project object */;
			proxyType = 1;
			remoteGlobalIDString = D3DC466126A8548100E2C7C6;
			remoteInfo = Dangeun;
		};
		D3DC468426A8548100E2C7C6 /* PBXContainerItemProxy */ = {
			isa = PBXContainerItemProxy;
			containerPortal = D3DC465A26A8548100E2C7C6 /* Project object */;
			proxyType = 1;
			remoteGlobalIDString = D3DC466126A8548100E2C7C6;
			remoteInfo = Dangeun;
		};
/* End PBXContainerItemProxy section */

/* Begin PBXFileReference section */
		2824BEEC81074B0575260CE3 /* Pods-DangeunTests.release.xcconfig */ = {isa = PBXFileReference; includeInIndex = 1; lastKnownFileType = text.xcconfig; name = "Pods-DangeunTests.release.xcconfig"; path = "Target Support Files/Pods-DangeunTests/Pods-DangeunTests.release.xcconfig"; sourceTree = "<group>"; };
		3F472C2D0AACD42FC1058D64 /* Pods-DangeunTests.debug.xcconfig */ = {isa = PBXFileReference; includeInIndex = 1; lastKnownFileType = text.xcconfig; name = "Pods-DangeunTests.debug.xcconfig"; path = "Target Support Files/Pods-DangeunTests/Pods-DangeunTests.debug.xcconfig"; sourceTree = "<group>"; };
		46E37FDF9DD18C8EC8528638 /* Pods_Dangeun_DangeunUITests.framework */ = {isa = PBXFileReference; explicitFileType = wrapper.framework; includeInIndex = 0; path = Pods_Dangeun_DangeunUITests.framework; sourceTree = BUILT_PRODUCTS_DIR; };
		708645A347C46E231E998A23 /* Pods-Dangeun-DangeunUITests.debug.xcconfig */ = {isa = PBXFileReference; includeInIndex = 1; lastKnownFileType = text.xcconfig; name = "Pods-Dangeun-DangeunUITests.debug.xcconfig"; path = "Target Support Files/Pods-Dangeun-DangeunUITests/Pods-Dangeun-DangeunUITests.debug.xcconfig"; sourceTree = "<group>"; };
		708AFF4FE241FD37EFEA0542 /* Pods-Dangeun-DangeunUITests.release.xcconfig */ = {isa = PBXFileReference; includeInIndex = 1; lastKnownFileType = text.xcconfig; name = "Pods-Dangeun-DangeunUITests.release.xcconfig"; path = "Target Support Files/Pods-Dangeun-DangeunUITests/Pods-Dangeun-DangeunUITests.release.xcconfig"; sourceTree = "<group>"; };
		74F1C90C364E810E4A97658F /* Pods-Dangeun.debug.xcconfig */ = {isa = PBXFileReference; includeInIndex = 1; lastKnownFileType = text.xcconfig; name = "Pods-Dangeun.debug.xcconfig"; path = "Target Support Files/Pods-Dangeun/Pods-Dangeun.debug.xcconfig"; sourceTree = "<group>"; };
		8D484F2E26AC19C6009F1B54 /* ViewModelType.swift */ = {isa = PBXFileReference; lastKnownFileType = sourcecode.swift; path = ViewModelType.swift; sourceTree = "<group>"; };
		8D484F3426AC1A1A009F1B54 /* HomeViewModel.swift */ = {isa = PBXFileReference; lastKnownFileType = sourcecode.swift; path = HomeViewModel.swift; sourceTree = "<group>"; };
		8D484F3626AC1A8A009F1B54 /* HomeViewModelTests.swift */ = {isa = PBXFileReference; lastKnownFileType = sourcecode.swift; path = HomeViewModelTests.swift; sourceTree = "<group>"; };
		8D484F3926AC2400009F1B54 /* DataManager.swift */ = {isa = PBXFileReference; lastKnownFileType = sourcecode.swift; path = DataManager.swift; sourceTree = "<group>"; };
		8D484F3B26AC2D6A009F1B54 /* Product.swift */ = {isa = PBXFileReference; lastKnownFileType = sourcecode.swift; path = Product.swift; sourceTree = "<group>"; };
		8D484F3D26AC2E26009F1B54 /* NSObject+Extension.swift */ = {isa = PBXFileReference; lastKnownFileType = sourcecode.swift; path = "NSObject+Extension.swift"; sourceTree = "<group>"; };
		8D484F3F26AC3C00009F1B54 /* DataExample.json */ = {isa = PBXFileReference; lastKnownFileType = text.json; path = DataExample.json; sourceTree = "<group>"; };
		C6359365D4E5FFBD07E9300F /* Pods_DangeunTests.framework */ = {isa = PBXFileReference; explicitFileType = wrapper.framework; includeInIndex = 0; path = Pods_DangeunTests.framework; sourceTree = BUILT_PRODUCTS_DIR; };
		D3DC466226A8548100E2C7C6 /* Dangeun.app */ = {isa = PBXFileReference; explicitFileType = wrapper.application; includeInIndex = 0; path = Dangeun.app; sourceTree = BUILT_PRODUCTS_DIR; };
		D3DC466526A8548100E2C7C6 /* AppDelegate.swift */ = {isa = PBXFileReference; lastKnownFileType = sourcecode.swift; path = AppDelegate.swift; sourceTree = "<group>"; };
		D3DC466926A8548100E2C7C6 /* HomeViewController.swift */ = {isa = PBXFileReference; lastKnownFileType = sourcecode.swift; path = HomeViewController.swift; sourceTree = "<group>"; };
		D3DC466E26A8548100E2C7C6 /* Assets.xcassets */ = {isa = PBXFileReference; lastKnownFileType = folder.assetcatalog; path = Assets.xcassets; sourceTree = "<group>"; };
		D3DC467126A8548100E2C7C6 /* Base */ = {isa = PBXFileReference; lastKnownFileType = file.storyboard; name = Base; path = Base.lproj/LaunchScreen.storyboard; sourceTree = "<group>"; };
		D3DC467326A8548100E2C7C6 /* Info.plist */ = {isa = PBXFileReference; lastKnownFileType = text.plist.xml; path = Info.plist; sourceTree = "<group>"; };
		D3DC467826A8548100E2C7C6 /* DangeunTests.xctest */ = {isa = PBXFileReference; explicitFileType = wrapper.cfbundle; includeInIndex = 0; path = DangeunTests.xctest; sourceTree = BUILT_PRODUCTS_DIR; };
		D3DC467C26A8548100E2C7C6 /* DangeunTests.swift */ = {isa = PBXFileReference; lastKnownFileType = sourcecode.swift; path = DangeunTests.swift; sourceTree = "<group>"; };
		D3DC467E26A8548100E2C7C6 /* Info.plist */ = {isa = PBXFileReference; lastKnownFileType = text.plist.xml; path = Info.plist; sourceTree = "<group>"; };
		D3DC468326A8548100E2C7C6 /* DangeunUITests.xctest */ = {isa = PBXFileReference; explicitFileType = wrapper.cfbundle; includeInIndex = 0; path = DangeunUITests.xctest; sourceTree = BUILT_PRODUCTS_DIR; };
		D3DC468726A8548100E2C7C6 /* DangeunUITests.swift */ = {isa = PBXFileReference; lastKnownFileType = sourcecode.swift; path = DangeunUITests.swift; sourceTree = "<group>"; };
		D3DC468926A8548100E2C7C6 /* Info.plist */ = {isa = PBXFileReference; lastKnownFileType = text.plist.xml; path = Info.plist; sourceTree = "<group>"; };
		D3DC46B026A8652400E2C7C6 /* Coordinator.swift */ = {isa = PBXFileReference; lastKnownFileType = sourcecode.swift; path = Coordinator.swift; sourceTree = "<group>"; };
		D3DC46B526A8658800E2C7C6 /* AppCoordinator.swift */ = {isa = PBXFileReference; lastKnownFileType = sourcecode.swift; path = AppCoordinator.swift; sourceTree = "<group>"; };
		D3DC46BC26A865C800E2C7C6 /* AppCoordinatorTests.swift */ = {isa = PBXFileReference; lastKnownFileType = sourcecode.swift; path = AppCoordinatorTests.swift; sourceTree = "<group>"; };
		D3DC46C426A8681C00E2C7C6 /* HomeCoordinator.swift */ = {isa = PBXFileReference; lastKnownFileType = sourcecode.swift; path = HomeCoordinator.swift; sourceTree = "<group>"; };
		D3DC46DA26A8A1C000E2C7C6 /* TopBarView.swift */ = {isa = PBXFileReference; lastKnownFileType = sourcecode.swift; path = TopBarView.swift; sourceTree = "<group>"; };
		D3DC46DF26A8A89E00E2C7C6 /* ProductCell.swift */ = {isa = PBXFileReference; lastKnownFileType = sourcecode.swift; path = ProductCell.swift; sourceTree = "<group>"; };
		DAB48C41AD8F5295235C1570 /* Pods_Dangeun.framework */ = {isa = PBXFileReference; explicitFileType = wrapper.framework; includeInIndex = 0; path = Pods_Dangeun.framework; sourceTree = BUILT_PRODUCTS_DIR; };
		F0ADE3FF305CBC9BA3B02E76 /* Pods-Dangeun.release.xcconfig */ = {isa = PBXFileReference; includeInIndex = 1; lastKnownFileType = text.xcconfig; name = "Pods-Dangeun.release.xcconfig"; path = "Target Support Files/Pods-Dangeun/Pods-Dangeun.release.xcconfig"; sourceTree = "<group>"; };
/* End PBXFileReference section */

/* Begin PBXFrameworksBuildPhase section */
		D3DC465F26A8548100E2C7C6 /* Frameworks */ = {
			isa = PBXFrameworksBuildPhase;
			buildActionMask = 2147483647;
			files = (
				05A9E7C96DDE248DE7047090 /* Pods_Dangeun.framework in Frameworks */,
			);
			runOnlyForDeploymentPostprocessing = 0;
		};
		D3DC467526A8548100E2C7C6 /* Frameworks */ = {
			isa = PBXFrameworksBuildPhase;
			buildActionMask = 2147483647;
			files = (
				16637F2642D275FC7A101E21 /* Pods_DangeunTests.framework in Frameworks */,
			);
			runOnlyForDeploymentPostprocessing = 0;
		};
		D3DC468026A8548100E2C7C6 /* Frameworks */ = {
			isa = PBXFrameworksBuildPhase;
			buildActionMask = 2147483647;
			files = (
				0AD9700A0FC4C555821A02AC /* Pods_Dangeun_DangeunUITests.framework in Frameworks */,
			);
			runOnlyForDeploymentPostprocessing = 0;
		};
/* End PBXFrameworksBuildPhase section */

/* Begin PBXGroup section */
		60705788D9EF8E5E7EF9637C /* Frameworks */ = {
			isa = PBXGroup;
			children = (
				DAB48C41AD8F5295235C1570 /* Pods_Dangeun.framework */,
				46E37FDF9DD18C8EC8528638 /* Pods_Dangeun_DangeunUITests.framework */,
				C6359365D4E5FFBD07E9300F /* Pods_DangeunTests.framework */,
			);
			name = Frameworks;
			sourceTree = "<group>";
		};
		729DF1BA500167926D7FBACA /* Pods */ = {
			isa = PBXGroup;
			children = (
				74F1C90C364E810E4A97658F /* Pods-Dangeun.debug.xcconfig */,
				F0ADE3FF305CBC9BA3B02E76 /* Pods-Dangeun.release.xcconfig */,
				708645A347C46E231E998A23 /* Pods-Dangeun-DangeunUITests.debug.xcconfig */,
				708AFF4FE241FD37EFEA0542 /* Pods-Dangeun-DangeunUITests.release.xcconfig */,
				3F472C2D0AACD42FC1058D64 /* Pods-DangeunTests.debug.xcconfig */,
				2824BEEC81074B0575260CE3 /* Pods-DangeunTests.release.xcconfig */,
			);
			path = Pods;
			sourceTree = "<group>";
		};
		8D484F3026AC19F9009F1B54 /* Presentation */ = {
			isa = PBXGroup;
			children = (
				8D484F3126AC1A01009F1B54 /* Home */,
			);
			path = Presentation;
			sourceTree = "<group>";
		};
		8D484F3126AC1A01009F1B54 /* Home */ = {
			isa = PBXGroup;
			children = (
				8D484F3626AC1A8A009F1B54 /* HomeViewModelTests.swift */,
			);
			path = Home;
			sourceTree = "<group>";
		};
		8D484F3826AC23D5009F1B54 /* Data */ = {
			isa = PBXGroup;
			children = (
				8D484F3926AC2400009F1B54 /* DataManager.swift */,
				8D484F3B26AC2D6A009F1B54 /* Product.swift */,
			);
			path = Data;
			sourceTree = "<group>";
		};
		D3DC465926A8548100E2C7C6 = {
			isa = PBXGroup;
			children = (
				D3DC466426A8548100E2C7C6 /* Dangeun */,
				D3DC467B26A8548100E2C7C6 /* DangeunTests */,
				D3DC468626A8548100E2C7C6 /* DangeunUITests */,
				D3DC466326A8548100E2C7C6 /* Products */,
				729DF1BA500167926D7FBACA /* Pods */,
				60705788D9EF8E5E7EF9637C /* Frameworks */,
			);
			sourceTree = "<group>";
		};
		D3DC466326A8548100E2C7C6 /* Products */ = {
			isa = PBXGroup;
			children = (
				D3DC466226A8548100E2C7C6 /* Dangeun.app */,
				D3DC467826A8548100E2C7C6 /* DangeunTests.xctest */,
				D3DC468326A8548100E2C7C6 /* DangeunUITests.xctest */,
			);
			name = Products;
			sourceTree = "<group>";
		};
		D3DC466426A8548100E2C7C6 /* Dangeun */ = {
			isa = PBXGroup;
			children = (
				8D484F3826AC23D5009F1B54 /* Data */,
				D3DC46A826A8638400E2C7C6 /* App */,
				D3DC469826A85EDE00E2C7C6 /* Presentation */,
			);
			path = Dangeun;
			sourceTree = "<group>";
		};
		D3DC467B26A8548100E2C7C6 /* DangeunTests */ = {
			isa = PBXGroup;
			children = (
				8D484F3026AC19F9009F1B54 /* Presentation */,
				D3DC46BB26A8659A00E2C7C6 /* App */,
				D3DC467C26A8548100E2C7C6 /* DangeunTests.swift */,
				D3DC467E26A8548100E2C7C6 /* Info.plist */,
			);
			path = DangeunTests;
			sourceTree = "<group>";
		};
		D3DC468626A8548100E2C7C6 /* DangeunUITests */ = {
			isa = PBXGroup;
			children = (
				D3DC468726A8548100E2C7C6 /* DangeunUITests.swift */,
				D3DC468926A8548100E2C7C6 /* Info.plist */,
			);
			path = DangeunUITests;
			sourceTree = "<group>";
		};
		D3DC469826A85EDE00E2C7C6 /* Presentation */ = {
			isa = PBXGroup;
			children = (
				D3DC46CD26A8697300E2C7C6 /* Common */,
				D3DC46C926A8695300E2C7C6 /* Home */,
			);
			path = Presentation;
			sourceTree = "<group>";
		};
		D3DC46A826A8638400E2C7C6 /* App */ = {
			isa = PBXGroup;
			children = (
				D3DC467326A8548100E2C7C6 /* Info.plist */,
				D3DC466E26A8548100E2C7C6 /* Assets.xcassets */,
				D3DC467026A8548100E2C7C6 /* LaunchScreen.storyboard */,
				D3DC466526A8548100E2C7C6 /* AppDelegate.swift */,
				D3DC46B526A8658800E2C7C6 /* AppCoordinator.swift */,
				8D484F3F26AC3C00009F1B54 /* DataExample.json */,
			);
			path = App;
			sourceTree = "<group>";
		};
		D3DC46BB26A8659A00E2C7C6 /* App */ = {
			isa = PBXGroup;
			children = (
				D3DC46BC26A865C800E2C7C6 /* AppCoordinatorTests.swift */,
			);
			path = App;
			sourceTree = "<group>";
		};
		D3DC46C926A8695300E2C7C6 /* Home */ = {
			isa = PBXGroup;
			children = (
				D3DC466926A8548100E2C7C6 /* HomeViewController.swift */,
				D3DC46C426A8681C00E2C7C6 /* HomeCoordinator.swift */,
				D3DC46DA26A8A1C000E2C7C6 /* TopBarView.swift */,
				D3DC46DF26A8A89E00E2C7C6 /* ProductCell.swift */,
				8D484F3426AC1A1A009F1B54 /* HomeViewModel.swift */,
			);
			path = Home;
			sourceTree = "<group>";
		};
		D3DC46CD26A8697300E2C7C6 /* Common */ = {
			isa = PBXGroup;
			children = (
				D3DC46B026A8652400E2C7C6 /* Coordinator.swift */,
				8D484F2E26AC19C6009F1B54 /* ViewModelType.swift */,
				8D484F3D26AC2E26009F1B54 /* NSObject+Extension.swift */,
			);
			path = Common;
			sourceTree = "<group>";
		};
/* End PBXGroup section */

/* Begin PBXNativeTarget section */
		D3DC466126A8548100E2C7C6 /* Dangeun */ = {
			isa = PBXNativeTarget;
			buildConfigurationList = D3DC468C26A8548100E2C7C6 /* Build configuration list for PBXNativeTarget "Dangeun" */;
			buildPhases = (
				0FE4026288A1BC395B0BE5F1 /* [CP] Check Pods Manifest.lock */,
				D3DC465E26A8548100E2C7C6 /* Sources */,
				D3DC465F26A8548100E2C7C6 /* Frameworks */,
				D3DC466026A8548100E2C7C6 /* Resources */,
				5686272428846AF894786F4A /* [CP] Embed Pods Frameworks */,
			);
			buildRules = (
			);
			dependencies = (
			);
			name = Dangeun;
			productName = Dangeun;
			productReference = D3DC466226A8548100E2C7C6 /* Dangeun.app */;
			productType = "com.apple.product-type.application";
		};
		D3DC467726A8548100E2C7C6 /* DangeunTests */ = {
			isa = PBXNativeTarget;
			buildConfigurationList = D3DC468F26A8548100E2C7C6 /* Build configuration list for PBXNativeTarget "DangeunTests" */;
			buildPhases = (
				D161A83FB62426B94B59B882 /* [CP] Check Pods Manifest.lock */,
				D3DC467426A8548100E2C7C6 /* Sources */,
				D3DC467526A8548100E2C7C6 /* Frameworks */,
				D3DC467626A8548100E2C7C6 /* Resources */,
			);
			buildRules = (
			);
			dependencies = (
				D3DC467A26A8548100E2C7C6 /* PBXTargetDependency */,
			);
			name = DangeunTests;
			productName = DangeunTests;
			productReference = D3DC467826A8548100E2C7C6 /* DangeunTests.xctest */;
			productType = "com.apple.product-type.bundle.unit-test";
		};
		D3DC468226A8548100E2C7C6 /* DangeunUITests */ = {
			isa = PBXNativeTarget;
			buildConfigurationList = D3DC469226A8548100E2C7C6 /* Build configuration list for PBXNativeTarget "DangeunUITests" */;
			buildPhases = (
				3270BDB4476D230F21F8C9F4 /* [CP] Check Pods Manifest.lock */,
				D3DC467F26A8548100E2C7C6 /* Sources */,
				D3DC468026A8548100E2C7C6 /* Frameworks */,
				D3DC468126A8548100E2C7C6 /* Resources */,
				1BDBABD5335B44370BB9138C /* [CP] Embed Pods Frameworks */,
			);
			buildRules = (
			);
			dependencies = (
				D3DC468526A8548100E2C7C6 /* PBXTargetDependency */,
			);
			name = DangeunUITests;
			productName = DangeunUITests;
			productReference = D3DC468326A8548100E2C7C6 /* DangeunUITests.xctest */;
			productType = "com.apple.product-type.bundle.ui-testing";
		};
/* End PBXNativeTarget section */

/* Begin PBXProject section */
		D3DC465A26A8548100E2C7C6 /* Project object */ = {
			isa = PBXProject;
			attributes = {
				LastSwiftUpdateCheck = 1220;
				LastUpgradeCheck = 1220;
				TargetAttributes = {
					D3DC466126A8548100E2C7C6 = {
						CreatedOnToolsVersion = 12.2;
					};
					D3DC467726A8548100E2C7C6 = {
						CreatedOnToolsVersion = 12.2;
						TestTargetID = D3DC466126A8548100E2C7C6;
					};
					D3DC468226A8548100E2C7C6 = {
						CreatedOnToolsVersion = 12.2;
						TestTargetID = D3DC466126A8548100E2C7C6;
					};
				};
			};
			buildConfigurationList = D3DC465D26A8548100E2C7C6 /* Build configuration list for PBXProject "Dangeun" */;
			compatibilityVersion = "Xcode 9.3";
			developmentRegion = en;
			hasScannedForEncodings = 0;
			knownRegions = (
				en,
				Base,
			);
			mainGroup = D3DC465926A8548100E2C7C6;
			productRefGroup = D3DC466326A8548100E2C7C6 /* Products */;
			projectDirPath = "";
			projectRoot = "";
			targets = (
				D3DC466126A8548100E2C7C6 /* Dangeun */,
				D3DC467726A8548100E2C7C6 /* DangeunTests */,
				D3DC468226A8548100E2C7C6 /* DangeunUITests */,
			);
		};
/* End PBXProject section */

/* Begin PBXResourcesBuildPhase section */
		D3DC466026A8548100E2C7C6 /* Resources */ = {
			isa = PBXResourcesBuildPhase;
			buildActionMask = 2147483647;
			files = (
				D3DC467226A8548100E2C7C6 /* LaunchScreen.storyboard in Resources */,
				8D484F4026AC3C00009F1B54 /* DataExample.json in Resources */,
				D3DC466F26A8548100E2C7C6 /* Assets.xcassets in Resources */,
			);
			runOnlyForDeploymentPostprocessing = 0;
		};
		D3DC467626A8548100E2C7C6 /* Resources */ = {
			isa = PBXResourcesBuildPhase;
			buildActionMask = 2147483647;
			files = (
			);
			runOnlyForDeploymentPostprocessing = 0;
		};
		D3DC468126A8548100E2C7C6 /* Resources */ = {
			isa = PBXResourcesBuildPhase;
			buildActionMask = 2147483647;
			files = (
			);
			runOnlyForDeploymentPostprocessing = 0;
		};
/* End PBXResourcesBuildPhase section */

/* Begin PBXShellScriptBuildPhase section */
		0FE4026288A1BC395B0BE5F1 /* [CP] Check Pods Manifest.lock */ = {
			isa = PBXShellScriptBuildPhase;
			buildActionMask = 2147483647;
			files = (
			);
			inputFileListPaths = (
			);
			inputPaths = (
				"${PODS_PODFILE_DIR_PATH}/Podfile.lock",
				"${PODS_ROOT}/Manifest.lock",
			);
			name = "[CP] Check Pods Manifest.lock";
			outputFileListPaths = (
			);
			outputPaths = (
				"$(DERIVED_FILE_DIR)/Pods-Dangeun-checkManifestLockResult.txt",
			);
			runOnlyForDeploymentPostprocessing = 0;
			shellPath = /bin/sh;
			shellScript = "diff \"${PODS_PODFILE_DIR_PATH}/Podfile.lock\" \"${PODS_ROOT}/Manifest.lock\" > /dev/null\nif [ $? != 0 ] ; then\n    # print error to STDERR\n    echo \"error: The sandbox is not in sync with the Podfile.lock. Run 'pod install' or update your CocoaPods installation.\" >&2\n    exit 1\nfi\n# This output is used by Xcode 'outputs' to avoid re-running this script phase.\necho \"SUCCESS\" > \"${SCRIPT_OUTPUT_FILE_0}\"\n";
			showEnvVarsInLog = 0;
		};
		1BDBABD5335B44370BB9138C /* [CP] Embed Pods Frameworks */ = {
			isa = PBXShellScriptBuildPhase;
			buildActionMask = 2147483647;
			files = (
			);
			inputFileListPaths = (
				"${PODS_ROOT}/Target Support Files/Pods-Dangeun-DangeunUITests/Pods-Dangeun-DangeunUITests-frameworks-${CONFIGURATION}-input-files.xcfilelist",
			);
			name = "[CP] Embed Pods Frameworks";
			outputFileListPaths = (
				"${PODS_ROOT}/Target Support Files/Pods-Dangeun-DangeunUITests/Pods-Dangeun-DangeunUITests-frameworks-${CONFIGURATION}-output-files.xcfilelist",
			);
			runOnlyForDeploymentPostprocessing = 0;
			shellPath = /bin/sh;
			shellScript = "\"${PODS_ROOT}/Target Support Files/Pods-Dangeun-DangeunUITests/Pods-Dangeun-DangeunUITests-frameworks.sh\"\n";
			showEnvVarsInLog = 0;
		};
		3270BDB4476D230F21F8C9F4 /* [CP] Check Pods Manifest.lock */ = {
			isa = PBXShellScriptBuildPhase;
			buildActionMask = 2147483647;
			files = (
			);
			inputFileListPaths = (
			);
			inputPaths = (
				"${PODS_PODFILE_DIR_PATH}/Podfile.lock",
				"${PODS_ROOT}/Manifest.lock",
			);
			name = "[CP] Check Pods Manifest.lock";
			outputFileListPaths = (
			);
			outputPaths = (
				"$(DERIVED_FILE_DIR)/Pods-Dangeun-DangeunUITests-checkManifestLockResult.txt",
			);
			runOnlyForDeploymentPostprocessing = 0;
			shellPath = /bin/sh;
			shellScript = "diff \"${PODS_PODFILE_DIR_PATH}/Podfile.lock\" \"${PODS_ROOT}/Manifest.lock\" > /dev/null\nif [ $? != 0 ] ; then\n    # print error to STDERR\n    echo \"error: The sandbox is not in sync with the Podfile.lock. Run 'pod install' or update your CocoaPods installation.\" >&2\n    exit 1\nfi\n# This output is used by Xcode 'outputs' to avoid re-running this script phase.\necho \"SUCCESS\" > \"${SCRIPT_OUTPUT_FILE_0}\"\n";
			showEnvVarsInLog = 0;
		};
		5686272428846AF894786F4A /* [CP] Embed Pods Frameworks */ = {
			isa = PBXShellScriptBuildPhase;
			buildActionMask = 2147483647;
			files = (
			);
			inputFileListPaths = (
				"${PODS_ROOT}/Target Support Files/Pods-Dangeun/Pods-Dangeun-frameworks-${CONFIGURATION}-input-files.xcfilelist",
			);
			name = "[CP] Embed Pods Frameworks";
			outputFileListPaths = (
				"${PODS_ROOT}/Target Support Files/Pods-Dangeun/Pods-Dangeun-frameworks-${CONFIGURATION}-output-files.xcfilelist",
			);
			runOnlyForDeploymentPostprocessing = 0;
			shellPath = /bin/sh;
			shellScript = "\"${PODS_ROOT}/Target Support Files/Pods-Dangeun/Pods-Dangeun-frameworks.sh\"\n";
			showEnvVarsInLog = 0;
		};
		D161A83FB62426B94B59B882 /* [CP] Check Pods Manifest.lock */ = {
			isa = PBXShellScriptBuildPhase;
			buildActionMask = 2147483647;
			files = (
			);
			inputFileListPaths = (
			);
			inputPaths = (
				"${PODS_PODFILE_DIR_PATH}/Podfile.lock",
				"${PODS_ROOT}/Manifest.lock",
			);
			name = "[CP] Check Pods Manifest.lock";
			outputFileListPaths = (
			);
			outputPaths = (
				"$(DERIVED_FILE_DIR)/Pods-DangeunTests-checkManifestLockResult.txt",
			);
			runOnlyForDeploymentPostprocessing = 0;
			shellPath = /bin/sh;
			shellScript = "diff \"${PODS_PODFILE_DIR_PATH}/Podfile.lock\" \"${PODS_ROOT}/Manifest.lock\" > /dev/null\nif [ $? != 0 ] ; then\n    # print error to STDERR\n    echo \"error: The sandbox is not in sync with the Podfile.lock. Run 'pod install' or update your CocoaPods installation.\" >&2\n    exit 1\nfi\n# This output is used by Xcode 'outputs' to avoid re-running this script phase.\necho \"SUCCESS\" > \"${SCRIPT_OUTPUT_FILE_0}\"\n";
			showEnvVarsInLog = 0;
		};
/* End PBXShellScriptBuildPhase section */

/* Begin PBXSourcesBuildPhase section */
		D3DC465E26A8548100E2C7C6 /* Sources */ = {
			isa = PBXSourcesBuildPhase;
			buildActionMask = 2147483647;
			files = (
				D3DC46B626A8658800E2C7C6 /* AppCoordinator.swift in Sources */,
				8D484F3A26AC2400009F1B54 /* DataManager.swift in Sources */,
				8D484F3526AC1A1A009F1B54 /* HomeViewModel.swift in Sources */,
				8D484F3E26AC2E26009F1B54 /* NSObject+Extension.swift in Sources */,
				D3DC466A26A8548100E2C7C6 /* HomeViewController.swift in Sources */,
				D3DC46C526A8681C00E2C7C6 /* HomeCoordinator.swift in Sources */,
				8D484F3C26AC2D6A009F1B54 /* Product.swift in Sources */,
				D3DC466626A8548100E2C7C6 /* AppDelegate.swift in Sources */,
				8D484F2F26AC19C6009F1B54 /* ViewModelType.swift in Sources */,
				D3DC46DB26A8A1C100E2C7C6 /* TopBarView.swift in Sources */,
				D3DC46E026A8A89E00E2C7C6 /* ProductCell.swift in Sources */,
				D3DC46B126A8652400E2C7C6 /* Coordinator.swift in Sources */,
			);
			runOnlyForDeploymentPostprocessing = 0;
		};
		D3DC467426A8548100E2C7C6 /* Sources */ = {
			isa = PBXSourcesBuildPhase;
			buildActionMask = 2147483647;
			files = (
				D3DC467D26A8548100E2C7C6 /* DangeunTests.swift in Sources */,
				D3DC46BD26A865C800E2C7C6 /* AppCoordinatorTests.swift in Sources */,
				8D484F3726AC1A8A009F1B54 /* HomeViewModelTests.swift in Sources */,
			);
			runOnlyForDeploymentPostprocessing = 0;
		};
		D3DC467F26A8548100E2C7C6 /* Sources */ = {
			isa = PBXSourcesBuildPhase;
			buildActionMask = 2147483647;
			files = (
				D3DC468826A8548100E2C7C6 /* DangeunUITests.swift in Sources */,
			);
			runOnlyForDeploymentPostprocessing = 0;
		};
/* End PBXSourcesBuildPhase section */

/* Begin PBXTargetDependency section */
		D3DC467A26A8548100E2C7C6 /* PBXTargetDependency */ = {
			isa = PBXTargetDependency;
			target = D3DC466126A8548100E2C7C6 /* Dangeun */;
			targetProxy = D3DC467926A8548100E2C7C6 /* PBXContainerItemProxy */;
		};
		D3DC468526A8548100E2C7C6 /* PBXTargetDependency */ = {
			isa = PBXTargetDependency;
			target = D3DC466126A8548100E2C7C6 /* Dangeun */;
			targetProxy = D3DC468426A8548100E2C7C6 /* PBXContainerItemProxy */;
		};
/* End PBXTargetDependency section */

/* Begin PBXVariantGroup section */
		D3DC467026A8548100E2C7C6 /* LaunchScreen.storyboard */ = {
			isa = PBXVariantGroup;
			children = (
				D3DC467126A8548100E2C7C6 /* Base */,
			);
			name = LaunchScreen.storyboard;
			sourceTree = "<group>";
		};
/* End PBXVariantGroup section */

/* Begin XCBuildConfiguration section */
		D3DC468A26A8548100E2C7C6 /* Debug */ = {
			isa = XCBuildConfiguration;
			buildSettings = {
				ALWAYS_SEARCH_USER_PATHS = NO;
				CLANG_ANALYZER_NONNULL = YES;
				CLANG_ANALYZER_NUMBER_OBJECT_CONVERSION = YES_AGGRESSIVE;
				CLANG_CXX_LANGUAGE_STANDARD = "gnu++14";
				CLANG_CXX_LIBRARY = "libc++";
				CLANG_ENABLE_MODULES = YES;
				CLANG_ENABLE_OBJC_ARC = YES;
				CLANG_ENABLE_OBJC_WEAK = YES;
				CLANG_WARN_BLOCK_CAPTURE_AUTORELEASING = YES;
				CLANG_WARN_BOOL_CONVERSION = YES;
				CLANG_WARN_COMMA = YES;
				CLANG_WARN_CONSTANT_CONVERSION = YES;
				CLANG_WARN_DEPRECATED_OBJC_IMPLEMENTATIONS = YES;
				CLANG_WARN_DIRECT_OBJC_ISA_USAGE = YES_ERROR;
				CLANG_WARN_DOCUMENTATION_COMMENTS = YES;
				CLANG_WARN_EMPTY_BODY = YES;
				CLANG_WARN_ENUM_CONVERSION = YES;
				CLANG_WARN_INFINITE_RECURSION = YES;
				CLANG_WARN_INT_CONVERSION = YES;
				CLANG_WARN_NON_LITERAL_NULL_CONVERSION = YES;
				CLANG_WARN_OBJC_IMPLICIT_RETAIN_SELF = YES;
				CLANG_WARN_OBJC_LITERAL_CONVERSION = YES;
				CLANG_WARN_OBJC_ROOT_CLASS = YES_ERROR;
				CLANG_WARN_QUOTED_INCLUDE_IN_FRAMEWORK_HEADER = YES;
				CLANG_WARN_RANGE_LOOP_ANALYSIS = YES;
				CLANG_WARN_STRICT_PROTOTYPES = YES;
				CLANG_WARN_SUSPICIOUS_MOVE = YES;
				CLANG_WARN_UNGUARDED_AVAILABILITY = YES_AGGRESSIVE;
				CLANG_WARN_UNREACHABLE_CODE = YES;
				CLANG_WARN__DUPLICATE_METHOD_MATCH = YES;
				COPY_PHASE_STRIP = NO;
				DEBUG_INFORMATION_FORMAT = dwarf;
				ENABLE_STRICT_OBJC_MSGSEND = YES;
				ENABLE_TESTABILITY = YES;
				GCC_C_LANGUAGE_STANDARD = gnu11;
				GCC_DYNAMIC_NO_PIC = NO;
				GCC_NO_COMMON_BLOCKS = YES;
				GCC_OPTIMIZATION_LEVEL = 0;
				GCC_PREPROCESSOR_DEFINITIONS = (
					"DEBUG=1",
					"$(inherited)",
				);
				GCC_WARN_64_TO_32_BIT_CONVERSION = YES;
				GCC_WARN_ABOUT_RETURN_TYPE = YES_ERROR;
				GCC_WARN_UNDECLARED_SELECTOR = YES;
				GCC_WARN_UNINITIALIZED_AUTOS = YES_AGGRESSIVE;
				GCC_WARN_UNUSED_FUNCTION = YES;
				GCC_WARN_UNUSED_VARIABLE = YES;
				IPHONEOS_DEPLOYMENT_TARGET = 14.2;
				MTL_ENABLE_DEBUG_INFO = INCLUDE_SOURCE;
				MTL_FAST_MATH = YES;
				ONLY_ACTIVE_ARCH = YES;
				SDKROOT = iphoneos;
				SWIFT_ACTIVE_COMPILATION_CONDITIONS = DEBUG;
				SWIFT_OPTIMIZATION_LEVEL = "-Onone";
			};
			name = Debug;
		};
		D3DC468B26A8548100E2C7C6 /* Release */ = {
			isa = XCBuildConfiguration;
			buildSettings = {
				ALWAYS_SEARCH_USER_PATHS = NO;
				CLANG_ANALYZER_NONNULL = YES;
				CLANG_ANALYZER_NUMBER_OBJECT_CONVERSION = YES_AGGRESSIVE;
				CLANG_CXX_LANGUAGE_STANDARD = "gnu++14";
				CLANG_CXX_LIBRARY = "libc++";
				CLANG_ENABLE_MODULES = YES;
				CLANG_ENABLE_OBJC_ARC = YES;
				CLANG_ENABLE_OBJC_WEAK = YES;
				CLANG_WARN_BLOCK_CAPTURE_AUTORELEASING = YES;
				CLANG_WARN_BOOL_CONVERSION = YES;
				CLANG_WARN_COMMA = YES;
				CLANG_WARN_CONSTANT_CONVERSION = YES;
				CLANG_WARN_DEPRECATED_OBJC_IMPLEMENTATIONS = YES;
				CLANG_WARN_DIRECT_OBJC_ISA_USAGE = YES_ERROR;
				CLANG_WARN_DOCUMENTATION_COMMENTS = YES;
				CLANG_WARN_EMPTY_BODY = YES;
				CLANG_WARN_ENUM_CONVERSION = YES;
				CLANG_WARN_INFINITE_RECURSION = YES;
				CLANG_WARN_INT_CONVERSION = YES;
				CLANG_WARN_NON_LITERAL_NULL_CONVERSION = YES;
				CLANG_WARN_OBJC_IMPLICIT_RETAIN_SELF = YES;
				CLANG_WARN_OBJC_LITERAL_CONVERSION = YES;
				CLANG_WARN_OBJC_ROOT_CLASS = YES_ERROR;
				CLANG_WARN_QUOTED_INCLUDE_IN_FRAMEWORK_HEADER = YES;
				CLANG_WARN_RANGE_LOOP_ANALYSIS = YES;
				CLANG_WARN_STRICT_PROTOTYPES = YES;
				CLANG_WARN_SUSPICIOUS_MOVE = YES;
				CLANG_WARN_UNGUARDED_AVAILABILITY = YES_AGGRESSIVE;
				CLANG_WARN_UNREACHABLE_CODE = YES;
				CLANG_WARN__DUPLICATE_METHOD_MATCH = YES;
				COPY_PHASE_STRIP = NO;
				DEBUG_INFORMATION_FORMAT = "dwarf-with-dsym";
				ENABLE_NS_ASSERTIONS = NO;
				ENABLE_STRICT_OBJC_MSGSEND = YES;
				GCC_C_LANGUAGE_STANDARD = gnu11;
				GCC_NO_COMMON_BLOCKS = YES;
				GCC_WARN_64_TO_32_BIT_CONVERSION = YES;
				GCC_WARN_ABOUT_RETURN_TYPE = YES_ERROR;
				GCC_WARN_UNDECLARED_SELECTOR = YES;
				GCC_WARN_UNINITIALIZED_AUTOS = YES_AGGRESSIVE;
				GCC_WARN_UNUSED_FUNCTION = YES;
				GCC_WARN_UNUSED_VARIABLE = YES;
				IPHONEOS_DEPLOYMENT_TARGET = 14.2;
				MTL_ENABLE_DEBUG_INFO = NO;
				MTL_FAST_MATH = YES;
				SDKROOT = iphoneos;
				SWIFT_COMPILATION_MODE = wholemodule;
				SWIFT_OPTIMIZATION_LEVEL = "-O";
				VALIDATE_PRODUCT = YES;
			};
			name = Release;
		};
		D3DC468D26A8548100E2C7C6 /* Debug */ = {
			isa = XCBuildConfiguration;
			baseConfigurationReference = 74F1C90C364E810E4A97658F /* Pods-Dangeun.debug.xcconfig */;
			buildSettings = {
				ASSETCATALOG_COMPILER_APPICON_NAME = AppIcon;
				ASSETCATALOG_COMPILER_GLOBAL_ACCENT_COLOR_NAME = AccentColor;
				CODE_SIGN_STYLE = Automatic;
				DEVELOPMENT_TEAM = 6YDND8WP69;
				INFOPLIST_FILE = Dangeun/App/Info.plist;
				IPHONEOS_DEPLOYMENT_TARGET = 12.0;
				LD_RUNPATH_SEARCH_PATHS = (
					"$(inherited)",
					"@executable_path/Frameworks",
				);
				PRODUCT_BUNDLE_IDENTIFIER = lina.nali.Dangeun;
				PRODUCT_NAME = "$(TARGET_NAME)";
				SWIFT_VERSION = 5.0;
				TARGETED_DEVICE_FAMILY = "1,2";
			};
			name = Debug;
		};
		D3DC468E26A8548100E2C7C6 /* Release */ = {
			isa = XCBuildConfiguration;
			baseConfigurationReference = F0ADE3FF305CBC9BA3B02E76 /* Pods-Dangeun.release.xcconfig */;
			buildSettings = {
				ASSETCATALOG_COMPILER_APPICON_NAME = AppIcon;
				ASSETCATALOG_COMPILER_GLOBAL_ACCENT_COLOR_NAME = AccentColor;
				CODE_SIGN_STYLE = Automatic;
				DEVELOPMENT_TEAM = 6YDND8WP69;
				INFOPLIST_FILE = Dangeun/App/Info.plist;
				IPHONEOS_DEPLOYMENT_TARGET = 12.0;
				LD_RUNPATH_SEARCH_PATHS = (
					"$(inherited)",
					"@executable_path/Frameworks",
				);
				PRODUCT_BUNDLE_IDENTIFIER = lina.nali.Dangeun;
				PRODUCT_NAME = "$(TARGET_NAME)";
				SWIFT_VERSION = 5.0;
				TARGETED_DEVICE_FAMILY = "1,2";
			};
			name = Release;
		};
		D3DC469026A8548100E2C7C6 /* Debug */ = {
			isa = XCBuildConfiguration;
			baseConfigurationReference = 3F472C2D0AACD42FC1058D64 /* Pods-DangeunTests.debug.xcconfig */;
			buildSettings = {
				ALWAYS_EMBED_SWIFT_STANDARD_LIBRARIES = YES;
				BUNDLE_LOADER = "$(TEST_HOST)";
				CODE_SIGN_STYLE = Automatic;
				DEVELOPMENT_TEAM = 6YDND8WP69;
				INFOPLIST_FILE = DangeunTests/Info.plist;
				IPHONEOS_DEPLOYMENT_TARGET = 14.2;
				LD_RUNPATH_SEARCH_PATHS = (
					"$(inherited)",
					"@executable_path/Frameworks",
					"@loader_path/Frameworks",
				);
				PRODUCT_BUNDLE_IDENTIFIER = lina.nali.DangeunTests;
				PRODUCT_NAME = "$(TARGET_NAME)";
				SWIFT_VERSION = 5.0;
				TARGETED_DEVICE_FAMILY = "1,2";
				TEST_HOST = "$(BUILT_PRODUCTS_DIR)/Dangeun.app/Dangeun";
			};
			name = Debug;
		};
		D3DC469126A8548100E2C7C6 /* Release */ = {
			isa = XCBuildConfiguration;
			baseConfigurationReference = 2824BEEC81074B0575260CE3 /* Pods-DangeunTests.release.xcconfig */;
			buildSettings = {
				ALWAYS_EMBED_SWIFT_STANDARD_LIBRARIES = YES;
				BUNDLE_LOADER = "$(TEST_HOST)";
				CODE_SIGN_STYLE = Automatic;
				DEVELOPMENT_TEAM = 6YDND8WP69;
				INFOPLIST_FILE = DangeunTests/Info.plist;
				IPHONEOS_DEPLOYMENT_TARGET = 14.2;
				LD_RUNPATH_SEARCH_PATHS = (
					"$(inherited)",
					"@executable_path/Frameworks",
					"@loader_path/Frameworks",
				);
				PRODUCT_BUNDLE_IDENTIFIER = lina.nali.DangeunTests;
				PRODUCT_NAME = "$(TARGET_NAME)";
				SWIFT_VERSION = 5.0;
				TARGETED_DEVICE_FAMILY = "1,2";
				TEST_HOST = "$(BUILT_PRODUCTS_DIR)/Dangeun.app/Dangeun";
			};
			name = Release;
		};
		D3DC469326A8548100E2C7C6 /* Debug */ = {
			isa = XCBuildConfiguration;
			baseConfigurationReference = 708645A347C46E231E998A23 /* Pods-Dangeun-DangeunUITests.debug.xcconfig */;
			buildSettings = {
				ALWAYS_EMBED_SWIFT_STANDARD_LIBRARIES = YES;
				CODE_SIGN_STYLE = Automatic;
				DEVELOPMENT_TEAM = 6YDND8WP69;
				INFOPLIST_FILE = DangeunUITests/Info.plist;
				LD_RUNPATH_SEARCH_PATHS = (
					"$(inherited)",
					"@executable_path/Frameworks",
					"@loader_path/Frameworks",
				);
				PRODUCT_BUNDLE_IDENTIFIER = lina.nali.DangeunUITests;
				PRODUCT_NAME = "$(TARGET_NAME)";
				SWIFT_VERSION = 5.0;
				TARGETED_DEVICE_FAMILY = "1,2";
				TEST_TARGET_NAME = Dangeun;
			};
			name = Debug;
		};
		D3DC469426A8548100E2C7C6 /* Release */ = {
			isa = XCBuildConfiguration;
			baseConfigurationReference = 708AFF4FE241FD37EFEA0542 /* Pods-Dangeun-DangeunUITests.release.xcconfig */;
			buildSettings = {
				ALWAYS_EMBED_SWIFT_STANDARD_LIBRARIES = YES;
				CODE_SIGN_STYLE = Automatic;
				DEVELOPMENT_TEAM = 6YDND8WP69;
				INFOPLIST_FILE = DangeunUITests/Info.plist;
				LD_RUNPATH_SEARCH_PATHS = (
					"$(inherited)",
					"@executable_path/Frameworks",
					"@loader_path/Frameworks",
				);
				PRODUCT_BUNDLE_IDENTIFIER = lina.nali.DangeunUITests;
				PRODUCT_NAME = "$(TARGET_NAME)";
				SWIFT_VERSION = 5.0;
				TARGETED_DEVICE_FAMILY = "1,2";
				TEST_TARGET_NAME = Dangeun;
			};
			name = Release;
		};
/* End XCBuildConfiguration section */

/* Begin XCConfigurationList section */
		D3DC465D26A8548100E2C7C6 /* Build configuration list for PBXProject "Dangeun" */ = {
			isa = XCConfigurationList;
			buildConfigurations = (
				D3DC468A26A8548100E2C7C6 /* Debug */,
				D3DC468B26A8548100E2C7C6 /* Release */,
			);
			defaultConfigurationIsVisible = 0;
			defaultConfigurationName = Release;
		};
		D3DC468C26A8548100E2C7C6 /* Build configuration list for PBXNativeTarget "Dangeun" */ = {
			isa = XCConfigurationList;
			buildConfigurations = (
				D3DC468D26A8548100E2C7C6 /* Debug */,
				D3DC468E26A8548100E2C7C6 /* Release */,
			);
			defaultConfigurationIsVisible = 0;
			defaultConfigurationName = Release;
		};
		D3DC468F26A8548100E2C7C6 /* Build configuration list for PBXNativeTarget "DangeunTests" */ = {
			isa = XCConfigurationList;
			buildConfigurations = (
				D3DC469026A8548100E2C7C6 /* Debug */,
				D3DC469126A8548100E2C7C6 /* Release */,
			);
			defaultConfigurationIsVisible = 0;
			defaultConfigurationName = Release;
		};
		D3DC469226A8548100E2C7C6 /* Build configuration list for PBXNativeTarget "DangeunUITests" */ = {
			isa = XCConfigurationList;
			buildConfigurations = (
				D3DC469326A8548100E2C7C6 /* Debug */,
				D3DC469426A8548100E2C7C6 /* Release */,
			);
			defaultConfigurationIsVisible = 0;
			defaultConfigurationName = Release;
		};
/* End XCConfigurationList section */
	};
	rootObject = D3DC465A26A8548100E2C7C6 /* Project object */;
}
