// !$*UTF8*$!
{
	archiveVersion = 1;
	classes = {
	};
	objectVersion = 50;
	objects = {

/* Begin PBXBuildFile section */
		D3DC466626A8548100E2C7C6 /* AppDelegate.swift in Sources */ = {isa = PBXBuildFile; fileRef = D3DC466526A8548100E2C7C6 /* AppDelegate.swift */; };
		D3DC466A26A8548100E2C7C6 /* HomeViewController.swift in Sources */ = {isa = PBXBuildFile; fileRef = D3DC466926A8548100E2C7C6 /* HomeViewController.swift */; };
		D3DC466F26A8548100E2C7C6 /* Assets.xcassets in Resources */ = {isa = PBXBuildFile; fileRef = D3DC466E26A8548100E2C7C6 /* Assets.xcassets */; };
		D3DC467226A8548100E2C7C6 /* LaunchScreen.storyboard in Resources */ = {isa = PBXBuildFile; fileRef = D3DC467026A8548100E2C7C6 /* LaunchScreen.storyboard */; };
		D3DC467D26A8548100E2C7C6 /* DangeunTests.swift in Sources */ = {isa = PBXBuildFile; fileRef = D3DC467C26A8548100E2C7C6 /* DangeunTests.swift */; };
		D3DC468826A8548100E2C7C6 /* DangeunUITests.swift in Sources */ = {isa = PBXBuildFile; fileRef = D3DC468726A8548100E2C7C6 /* DangeunUITests.swift */; };
		D3DC46B126A8652400E2C7C6 /* Coordinator.swift in Sources */ = {isa = PBXBuildFile; fileRef = D3DC46B026A8652400E2C7C6 /* Coordinator.swift */; };
		D3DC46B626A8658800E2C7C6 /* AppCoordinator.swift in Sources */ = {isa = PBXBuildFile; fileRef = D3DC46B526A8658800E2C7C6 /* AppCoordinator.swift */; };
		D3DC46BD26A865C800E2C7C6 /* AppCoordinatorTests.swift in Sources */ = {isa = PBXBuildFile; fileRef = D3DC46BC26A865C800E2C7C6 /* AppCoordinatorTests.swift */; };
		D3DC46C526A8681C00E2C7C6 /* HomeCoordinator.swift in Sources */ = {isa = PBXBuildFile; fileRef = D3DC46C426A8681C00E2C7C6 /* HomeCoordinator.swift */; };
		D3DC46DB26A8A1C100E2C7C6 /* TopBarView.swift in Sources */ = {isa = PBXBuildFile; fileRef = D3DC46DA26A8A1C000E2C7C6 /* TopBarView.swift */; };
		D3DC46E026A8A89E00E2C7C6 /* ProductCell.swift in Sources */ = {isa = PBXBuildFile; fileRef = D3DC46DF26A8A89E00E2C7C6 /* ProductCell.swift */; };
/* End PBXBuildFile section */

/* Begin PBXContainerItemProxy section */
		D3DC467926A8548100E2C7C6 /* PBXContainerItemProxy */ = {
			isa = PBXContainerItemProxy;
			containerPortal = D3DC465A26A8548100E2C7C6 /* Project object */;
			proxyType = 1;
			remoteGlobalIDString = D3DC466126A8548100E2C7C6;
			remoteInfo = Dangeun;
		};
		D3DC468426A8548100E2C7C6 /* PBXContainerItemProxy */ = {
			isa = PBXContainerItemProxy;
			containerPortal = D3DC465A26A8548100E2C7C6 /* Project object */;
			proxyType = 1;
			remoteGlobalIDString = D3DC466126A8548100E2C7C6;
			remoteInfo = Dangeun;
		};
/* End PBXContainerItemProxy section */

/* Begin PBXFileReference section */
		D3DC466226A8548100E2C7C6 /* Dangeun.app */ = {isa = PBXFileReference; explicitFileType = wrapper.application; includeInIndex = 0; path = Dangeun.app; sourceTree = BUILT_PRODUCTS_DIR; };
		D3DC466526A8548100E2C7C6 /* AppDelegate.swift */ = {isa = PBXFileReference; lastKnownFileType = sourcecode.swift; path = AppDelegate.swift; sourceTree = "<group>"; };
		D3DC466926A8548100E2C7C6 /* HomeViewController.swift */ = {isa = PBXFileReference; lastKnownFileType = sourcecode.swift; path = HomeViewController.swift; sourceTree = "<group>"; };
		D3DC466E26A8548100E2C7C6 /* Assets.xcassets */ = {isa = PBXFileReference; lastKnownFileType = folder.assetcatalog; path = Assets.xcassets; sourceTree = "<group>"; };
		D3DC467126A8548100E2C7C6 /* Base */ = {isa = PBXFileReference; lastKnownFileType = file.storyboard; name = Base; path = Base.lproj/LaunchScreen.storyboard; sourceTree = "<group>"; };
		D3DC467326A8548100E2C7C6 /* Info.plist */ = {isa = PBXFileReference; lastKnownFileType = text.plist.xml; path = Info.plist; sourceTree = "<group>"; };
		D3DC467826A8548100E2C7C6 /* DangeunTests.xctest */ = {isa = PBXFileReference; explicitFileType = wrapper.cfbundle; includeInIndex = 0; path = DangeunTests.xctest; sourceTree = BUILT_PRODUCTS_DIR; };
		D3DC467C26A8548100E2C7C6 /* DangeunTests.swift */ = {isa = PBXFileReference; lastKnownFileType = sourcecode.swift; path = DangeunTests.swift; sourceTree = "<group>"; };
		D3DC467E26A8548100E2C7C6 /* Info.plist */ = {isa = PBXFileReference; lastKnownFileType = text.plist.xml; path = Info.plist; sourceTree = "<group>"; };
		D3DC468326A8548100E2C7C6 /* DangeunUITests.xctest */ = {isa = PBXFileReference; explicitFileType = wrapper.cfbundle; includeInIndex = 0; path = DangeunUITests.xctest; sourceTree = BUILT_PRODUCTS_DIR; };
		D3DC468726A8548100E2C7C6 /* DangeunUITests.swift */ = {isa = PBXFileReference; lastKnownFileType = sourcecode.swift; path = DangeunUITests.swift; sourceTree = "<group>"; };
		D3DC468926A8548100E2C7C6 /* Info.plist */ = {isa = PBXFileReference; lastKnownFileType = text.plist.xml; path = Info.plist; sourceTree = "<group>"; };
		D3DC46B026A8652400E2C7C6 /* Coordinator.swift */ = {isa = PBXFileReference; lastKnownFileType = sourcecode.swift; path = Coordinator.swift; sourceTree = "<group>"; };
		D3DC46B526A8658800E2C7C6 /* AppCoordinator.swift */ = {isa = PBXFileReference; lastKnownFileType = sourcecode.swift; path = AppCoordinator.swift; sourceTree = "<group>"; };
		D3DC46BC26A865C800E2C7C6 /* AppCoordinatorTests.swift */ = {isa = PBXFileReference; lastKnownFileType = sourcecode.swift; path = AppCoordinatorTests.swift; sourceTree = "<group>"; };
		D3DC46C426A8681C00E2C7C6 /* HomeCoordinator.swift */ = {isa = PBXFileReference; lastKnownFileType = sourcecode.swift; path = HomeCoordinator.swift; sourceTree = "<group>"; };
		D3DC46DA26A8A1C000E2C7C6 /* TopBarView.swift */ = {isa = PBXFileReference; lastKnownFileType = sourcecode.swift; path = TopBarView.swift; sourceTree = "<group>"; };
		D3DC46DF26A8A89E00E2C7C6 /* ProductCell.swift */ = {isa = PBXFileReference; lastKnownFileType = sourcecode.swift; path = ProductCell.swift; sourceTree = "<group>"; };
/* End PBXFileReference section */

/* Begin PBXFrameworksBuildPhase section */
		D3DC465F26A8548100E2C7C6 /* Frameworks */ = {
			isa = PBXFrameworksBuildPhase;
			buildActionMask = 2147483647;
			files = (
			);
			runOnlyForDeploymentPostprocessing = 0;
		};
		D3DC467526A8548100E2C7C6 /* Frameworks */ = {
			isa = PBXFrameworksBuildPhase;
			buildActionMask = 2147483647;
			files = (
			);
			runOnlyForDeploymentPostprocessing = 0;
		};
		D3DC468026A8548100E2C7C6 /* Frameworks */ = {
			isa = PBXFrameworksBuildPhase;
			buildActionMask = 2147483647;
			files = (
			);
			runOnlyForDeploymentPostprocessing = 0;
		};
/* End PBXFrameworksBuildPhase section */

/* Begin PBXGroup section */
		D3DC465926A8548100E2C7C6 = {
			isa = PBXGroup;
			children = (
				D3DC466426A8548100E2C7C6 /* Dangeun */,
				D3DC467B26A8548100E2C7C6 /* DangeunTests */,
				D3DC468626A8548100E2C7C6 /* DangeunUITests */,
				D3DC466326A8548100E2C7C6 /* Products */,
			);
			sourceTree = "<group>";
		};
		D3DC466326A8548100E2C7C6 /* Products */ = {
			isa = PBXGroup;
			children = (
				D3DC466226A8548100E2C7C6 /* Dangeun.app */,
				D3DC467826A8548100E2C7C6 /* DangeunTests.xctest */,
				D3DC468326A8548100E2C7C6 /* DangeunUITests.xctest */,
			);
			name = Products;
			sourceTree = "<group>";
		};
		D3DC466426A8548100E2C7C6 /* Dangeun */ = {
			isa = PBXGroup;
			children = (
				D3DC46A826A8638400E2C7C6 /* App */,
				D3DC469826A85EDE00E2C7C6 /* Presentation */,
			);
			path = Dangeun;
			sourceTree = "<group>";
		};
		D3DC467B26A8548100E2C7C6 /* DangeunTests */ = {
			isa = PBXGroup;
			children = (
				D3DC46BB26A8659A00E2C7C6 /* App */,
				D3DC467C26A8548100E2C7C6 /* DangeunTests.swift */,
				D3DC467E26A8548100E2C7C6 /* Info.plist */,
			);
			path = DangeunTests;
			sourceTree = "<group>";
		};
		D3DC468626A8548100E2C7C6 /* DangeunUITests */ = {
			isa = PBXGroup;
			children = (
				D3DC468726A8548100E2C7C6 /* DangeunUITests.swift */,
				D3DC468926A8548100E2C7C6 /* Info.plist */,
			);
			path = DangeunUITests;
			sourceTree = "<group>";
		};
		D3DC469826A85EDE00E2C7C6 /* Presentation */ = {
			isa = PBXGroup;
			children = (
				D3DC46CD26A8697300E2C7C6 /* Common */,
				D3DC46C926A8695300E2C7C6 /* Home */,
			);
			path = Presentation;
			sourceTree = "<group>";
		};
		D3DC46A826A8638400E2C7C6 /* App */ = {
			isa = PBXGroup;
			children = (
				D3DC467326A8548100E2C7C6 /* Info.plist */,
				D3DC466E26A8548100E2C7C6 /* Assets.xcassets */,
				D3DC467026A8548100E2C7C6 /* LaunchScreen.storyboard */,
				D3DC466526A8548100E2C7C6 /* AppDelegate.swift */,
				D3DC46B526A8658800E2C7C6 /* AppCoordinator.swift */,
			);
			path = App;
			sourceTree = "<group>";
		};
		D3DC46BB26A8659A00E2C7C6 /* App */ = {
			isa = PBXGroup;
			children = (
				D3DC46BC26A865C800E2C7C6 /* AppCoordinatorTests.swift */,
			);
			path = App;
			sourceTree = "<group>";
		};
		D3DC46C926A8695300E2C7C6 /* Home */ = {
			isa = PBXGroup;
			children = (
				D3DC466926A8548100E2C7C6 /* HomeViewController.swift */,
				D3DC46C426A8681C00E2C7C6 /* HomeCoordinator.swift */,
				D3DC46DA26A8A1C000E2C7C6 /* TopBarView.swift */,
				D3DC46DF26A8A89E00E2C7C6 /* ProductCell.swift */,
			);
			path = Home;
			sourceTree = "<group>";
		};
		D3DC46CD26A8697300E2C7C6 /* Common */ = {
			isa = PBXGroup;
			children = (
				D3DC46B026A8652400E2C7C6 /* Coordinator.swift */,
			);
			path = Common;
			sourceTree = "<group>";
		};
/* End PBXGroup section */

/* Begin PBXNativeTarget section */
		D3DC466126A8548100E2C7C6 /* Dangeun */ = {
			isa = PBXNativeTarget;
			buildConfigurationList = D3DC468C26A8548100E2C7C6 /* Build configuration list for PBXNativeTarget "Dangeun" */;
			buildPhases = (
				D3DC465E26A8548100E2C7C6 /* Sources */,
				D3DC465F26A8548100E2C7C6 /* Frameworks */,
				D3DC466026A8548100E2C7C6 /* Resources */,
			);
			buildRules = (
			);
			dependencies = (
			);
			name = Dangeun;
			productName = Dangeun;
			productReference = D3DC466226A8548100E2C7C6 /* Dangeun.app */;
			productType = "com.apple.product-type.application";
		};
		D3DC467726A8548100E2C7C6 /* DangeunTests */ = {
			isa = PBXNativeTarget;
			buildConfigurationList = D3DC468F26A8548100E2C7C6 /* Build configuration list for PBXNativeTarget "DangeunTests" */;
			buildPhases = (
				D3DC467426A8548100E2C7C6 /* Sources */,
				D3DC467526A8548100E2C7C6 /* Frameworks */,
				D3DC467626A8548100E2C7C6 /* Resources */,
			);
			buildRules = (
			);
			dependencies = (
				D3DC467A26A8548100E2C7C6 /* PBXTargetDependency */,
			);
			name = DangeunTests;
			productName = DangeunTests;
			productReference = D3DC467826A8548100E2C7C6 /* DangeunTests.xctest */;
			productType = "com.apple.product-type.bundle.unit-test";
		};
		D3DC468226A8548100E2C7C6 /* DangeunUITests */ = {
			isa = PBXNativeTarget;
			buildConfigurationList = D3DC469226A8548100E2C7C6 /* Build configuration list for PBXNativeTarget "DangeunUITests" */;
			buildPhases = (
				D3DC467F26A8548100E2C7C6 /* Sources */,
				D3DC468026A8548100E2C7C6 /* Frameworks */,
				D3DC468126A8548100E2C7C6 /* Resources */,
			);
			buildRules = (
			);
			dependencies = (
				D3DC468526A8548100E2C7C6 /* PBXTargetDependency */,
			);
			name = DangeunUITests;
			productName = DangeunUITests;
			productReference = D3DC468326A8548100E2C7C6 /* DangeunUITests.xctest */;
			productType = "com.apple.product-type.bundle.ui-testing";
		};
/* End PBXNativeTarget section */

/* Begin PBXProject section */
		D3DC465A26A8548100E2C7C6 /* Project object */ = {
			isa = PBXProject;
			attributes = {
				LastSwiftUpdateCheck = 1220;
				LastUpgradeCheck = 1220;
				TargetAttributes = {
					D3DC466126A8548100E2C7C6 = {
						CreatedOnToolsVersion = 12.2;
					};
					D3DC467726A8548100E2C7C6 = {
						CreatedOnToolsVersion = 12.2;
						TestTargetID = D3DC466126A8548100E2C7C6;
					};
					D3DC468226A8548100E2C7C6 = {
						CreatedOnToolsVersion = 12.2;
						TestTargetID = D3DC466126A8548100E2C7C6;
					};
				};
			};
			buildConfigurationList = D3DC465D26A8548100E2C7C6 /* Build configuration list for PBXProject "Dangeun" */;
			compatibilityVersion = "Xcode 9.3";
			developmentRegion = en;
			hasScannedForEncodings = 0;
			knownRegions = (
				en,
				Base,
			);
			mainGroup = D3DC465926A8548100E2C7C6;
			productRefGroup = D3DC466326A8548100E2C7C6 /* Products */;
			projectDirPath = "";
			projectRoot = "";
			targets = (
				D3DC466126A8548100E2C7C6 /* Dangeun */,
				D3DC467726A8548100E2C7C6 /* DangeunTests */,
				D3DC468226A8548100E2C7C6 /* DangeunUITests */,
			);
		};
/* End PBXProject section */

/* Begin PBXResourcesBuildPhase section */
		D3DC466026A8548100E2C7C6 /* Resources */ = {
			isa = PBXResourcesBuildPhase;
			buildActionMask = 2147483647;
			files = (
				D3DC467226A8548100E2C7C6 /* LaunchScreen.storyboard in Resources */,
				D3DC466F26A8548100E2C7C6 /* Assets.xcassets in Resources */,
			);
			runOnlyForDeploymentPostprocessing = 0;
		};
		D3DC467626A8548100E2C7C6 /* Resources */ = {
			isa = PBXResourcesBuildPhase;
			buildActionMask = 2147483647;
			files = (
			);
			runOnlyForDeploymentPostprocessing = 0;
		};
		D3DC468126A8548100E2C7C6 /* Resources */ = {
			isa = PBXResourcesBuildPhase;
			buildActionMask = 2147483647;
			files = (
			);
			runOnlyForDeploymentPostprocessing = 0;
		};
/* End PBXResourcesBuildPhase section */

/* Begin PBXSourcesBuildPhase section */
		D3DC465E26A8548100E2C7C6 /* Sources */ = {
			isa = PBXSourcesBuildPhase;
			buildActionMask = 2147483647;
			files = (
				D3DC46B626A8658800E2C7C6 /* AppCoordinator.swift in Sources */,
				D3DC466A26A8548100E2C7C6 /* HomeViewController.swift in Sources */,
				D3DC46C526A8681C00E2C7C6 /* HomeCoordinator.swift in Sources */,
				D3DC466626A8548100E2C7C6 /* AppDelegate.swift in Sources */,
				D3DC46DB26A8A1C100E2C7C6 /* TopBarView.swift in Sources */,
				D3DC46E026A8A89E00E2C7C6 /* ProductCell.swift in Sources */,
				D3DC46B126A8652400E2C7C6 /* Coordinator.swift in Sources */,
			);
			runOnlyForDeploymentPostprocessing = 0;
		};
		D3DC467426A8548100E2C7C6 /* Sources */ = {
			isa = PBXSourcesBuildPhase;
			buildActionMask = 2147483647;
			files = (
				D3DC467D26A8548100E2C7C6 /* DangeunTests.swift in Sources */,
				D3DC46BD26A865C800E2C7C6 /* AppCoordinatorTests.swift in Sources */,
			);
			runOnlyForDeploymentPostprocessing = 0;
		};
		D3DC467F26A8548100E2C7C6 /* Sources */ = {
			isa = PBXSourcesBuildPhase;
			buildActionMask = 2147483647;
			files = (
				D3DC468826A8548100E2C7C6 /* DangeunUITests.swift in Sources */,
			);
			runOnlyForDeploymentPostprocessing = 0;
		};
/* End PBXSourcesBuildPhase section */

/* Begin PBXTargetDependency section */
		D3DC467A26A8548100E2C7C6 /* PBXTargetDependency */ = {
			isa = PBXTargetDependency;
			target = D3DC466126A8548100E2C7C6 /* Dangeun */;
			targetProxy = D3DC467926A8548100E2C7C6 /* PBXContainerItemProxy */;
		};
		D3DC468526A8548100E2C7C6 /* PBXTargetDependency */ = {
			isa = PBXTargetDependency;
			target = D3DC466126A8548100E2C7C6 /* Dangeun */;
			targetProxy = D3DC468426A8548100E2C7C6 /* PBXContainerItemProxy */;
		};
/* End PBXTargetDependency section */

/* Begin PBXVariantGroup section */
		D3DC467026A8548100E2C7C6 /* LaunchScreen.storyboard */ = {
			isa = PBXVariantGroup;
			children = (
				D3DC467126A8548100E2C7C6 /* Base */,
			);
			name = LaunchScreen.storyboard;
			sourceTree = "<group>";
		};
/* End PBXVariantGroup section */

/* Begin XCBuildConfiguration section */
		D3DC468A26A8548100E2C7C6 /* Debug */ = {
			isa = XCBuildConfiguration;
			buildSettings = {
				ALWAYS_SEARCH_USER_PATHS = NO;
				CLANG_ANALYZER_NONNULL = YES;
				CLANG_ANALYZER_NUMBER_OBJECT_CONVERSION = YES_AGGRESSIVE;
				CLANG_CXX_LANGUAGE_STANDARD = "gnu++14";
				CLANG_CXX_LIBRARY = "libc++";
				CLANG_ENABLE_MODULES = YES;
				CLANG_ENABLE_OBJC_ARC = YES;
				CLANG_ENABLE_OBJC_WEAK = YES;
				CLANG_WARN_BLOCK_CAPTURE_AUTORELEASING = YES;
				CLANG_WARN_BOOL_CONVERSION = YES;
				CLANG_WARN_COMMA = YES;
				CLANG_WARN_CONSTANT_CONVERSION = YES;
				CLANG_WARN_DEPRECATED_OBJC_IMPLEMENTATIONS = YES;
				CLANG_WARN_DIRECT_OBJC_ISA_USAGE = YES_ERROR;
				CLANG_WARN_DOCUMENTATION_COMMENTS = YES;
				CLANG_WARN_EMPTY_BODY = YES;
				CLANG_WARN_ENUM_CONVERSION = YES;
				CLANG_WARN_INFINITE_RECURSION = YES;
				CLANG_WARN_INT_CONVERSION = YES;
				CLANG_WARN_NON_LITERAL_NULL_CONVERSION = YES;
				CLANG_WARN_OBJC_IMPLICIT_RETAIN_SELF = YES;
				CLANG_WARN_OBJC_LITERAL_CONVERSION = YES;
				CLANG_WARN_OBJC_ROOT_CLASS = YES_ERROR;
				CLANG_WARN_QUOTED_INCLUDE_IN_FRAMEWORK_HEADER = YES;
				CLANG_WARN_RANGE_LOOP_ANALYSIS = YES;
				CLANG_WARN_STRICT_PROTOTYPES = YES;
				CLANG_WARN_SUSPICIOUS_MOVE = YES;
				CLANG_WARN_UNGUARDED_AVAILABILITY = YES_AGGRESSIVE;
				CLANG_WARN_UNREACHABLE_CODE = YES;
				CLANG_WARN__DUPLICATE_METHOD_MATCH = YES;
				COPY_PHASE_STRIP = NO;
				DEBUG_INFORMATION_FORMAT = dwarf;
				ENABLE_STRICT_OBJC_MSGSEND = YES;
				ENABLE_TESTABILITY = YES;
				GCC_C_LANGUAGE_STANDARD = gnu11;
				GCC_DYNAMIC_NO_PIC = NO;
				GCC_NO_COMMON_BLOCKS = YES;
				GCC_OPTIMIZATION_LEVEL = 0;
				GCC_PREPROCESSOR_DEFINITIONS = (
					"DEBUG=1",
					"$(inherited)",
				);
				GCC_WARN_64_TO_32_BIT_CONVERSION = YES;
				GCC_WARN_ABOUT_RETURN_TYPE = YES_ERROR;
				GCC_WARN_UNDECLARED_SELECTOR = YES;
				GCC_WARN_UNINITIALIZED_AUTOS = YES_AGGRESSIVE;
				GCC_WARN_UNUSED_FUNCTION = YES;
				GCC_WARN_UNUSED_VARIABLE = YES;
				IPHONEOS_DEPLOYMENT_TARGET = 14.2;
				MTL_ENABLE_DEBUG_INFO = INCLUDE_SOURCE;
				MTL_FAST_MATH = YES;
				ONLY_ACTIVE_ARCH = YES;
				SDKROOT = iphoneos;
				SWIFT_ACTIVE_COMPILATION_CONDITIONS = DEBUG;
				SWIFT_OPTIMIZATION_LEVEL = "-Onone";
			};
			name = Debug;
		};
		D3DC468B26A8548100E2C7C6 /* Release */ = {
			isa = XCBuildConfiguration;
			buildSettings = {
				ALWAYS_SEARCH_USER_PATHS = NO;
				CLANG_ANALYZER_NONNULL = YES;
				CLANG_ANALYZER_NUMBER_OBJECT_CONVERSION = YES_AGGRESSIVE;
				CLANG_CXX_LANGUAGE_STANDARD = "gnu++14";
				CLANG_CXX_LIBRARY = "libc++";
				CLANG_ENABLE_MODULES = YES;
				CLANG_ENABLE_OBJC_ARC = YES;
				CLANG_ENABLE_OBJC_WEAK = YES;
				CLANG_WARN_BLOCK_CAPTURE_AUTORELEASING = YES;
				CLANG_WARN_BOOL_CONVERSION = YES;
				CLANG_WARN_COMMA = YES;
				CLANG_WARN_CONSTANT_CONVERSION = YES;
				CLANG_WARN_DEPRECATED_OBJC_IMPLEMENTATIONS = YES;
				CLANG_WARN_DIRECT_OBJC_ISA_USAGE = YES_ERROR;
				CLANG_WARN_DOCUMENTATION_COMMENTS = YES;
				CLANG_WARN_EMPTY_BODY = YES;
				CLANG_WARN_ENUM_CONVERSION = YES;
				CLANG_WARN_INFINITE_RECURSION = YES;
				CLANG_WARN_INT_CONVERSION = YES;
				CLANG_WARN_NON_LITERAL_NULL_CONVERSION = YES;
				CLANG_WARN_OBJC_IMPLICIT_RETAIN_SELF = YES;
				CLANG_WARN_OBJC_LITERAL_CONVERSION = YES;
				CLANG_WARN_OBJC_ROOT_CLASS = YES_ERROR;
				CLANG_WARN_QUOTED_INCLUDE_IN_FRAMEWORK_HEADER = YES;
				CLANG_WARN_RANGE_LOOP_ANALYSIS = YES;
				CLANG_WARN_STRICT_PROTOTYPES = YES;
				CLANG_WARN_SUSPICIOUS_MOVE = YES;
				CLANG_WARN_UNGUARDED_AVAILABILITY = YES_AGGRESSIVE;
				CLANG_WARN_UNREACHABLE_CODE = YES;
				CLANG_WARN__DUPLICATE_METHOD_MATCH = YES;
				COPY_PHASE_STRIP = NO;
				DEBUG_INFORMATION_FORMAT = "dwarf-with-dsym";
				ENABLE_NS_ASSERTIONS = NO;
				ENABLE_STRICT_OBJC_MSGSEND = YES;
				GCC_C_LANGUAGE_STANDARD = gnu11;
				GCC_NO_COMMON_BLOCKS = YES;
				GCC_WARN_64_TO_32_BIT_CONVERSION = YES;
				GCC_WARN_ABOUT_RETURN_TYPE = YES_ERROR;
				GCC_WARN_UNDECLARED_SELECTOR = YES;
				GCC_WARN_UNINITIALIZED_AUTOS = YES_AGGRESSIVE;
				GCC_WARN_UNUSED_FUNCTION = YES;
				GCC_WARN_UNUSED_VARIABLE = YES;
				IPHONEOS_DEPLOYMENT_TARGET = 14.2;
				MTL_ENABLE_DEBUG_INFO = NO;
				MTL_FAST_MATH = YES;
				SDKROOT = iphoneos;
				SWIFT_COMPILATION_MODE = wholemodule;
				SWIFT_OPTIMIZATION_LEVEL = "-O";
				VALIDATE_PRODUCT = YES;
			};
			name = Release;
		};
		D3DC468D26A8548100E2C7C6 /* Debug */ = {
			isa = XCBuildConfiguration;
			buildSettings = {
				ASSETCATALOG_COMPILER_APPICON_NAME = AppIcon;
				ASSETCATALOG_COMPILER_GLOBAL_ACCENT_COLOR_NAME = AccentColor;
				CODE_SIGN_STYLE = Automatic;
				DEVELOPMENT_TEAM = 6YDND8WP69;
				INFOPLIST_FILE = Dangeun/App/Info.plist;
				IPHONEOS_DEPLOYMENT_TARGET = 12.0;
				LD_RUNPATH_SEARCH_PATHS = (
					"$(inherited)",
					"@executable_path/Frameworks",
				);
				PRODUCT_BUNDLE_IDENTIFIER = lina.nali.Dangeun;
				PRODUCT_NAME = "$(TARGET_NAME)";
				SWIFT_VERSION = 5.0;
				TARGETED_DEVICE_FAMILY = "1,2";
			};
			name = Debug;
		};
		D3DC468E26A8548100E2C7C6 /* Release */ = {
			isa = XCBuildConfiguration;
			buildSettings = {
				ASSETCATALOG_COMPILER_APPICON_NAME = AppIcon;
				ASSETCATALOG_COMPILER_GLOBAL_ACCENT_COLOR_NAME = AccentColor;
				CODE_SIGN_STYLE = Automatic;
				DEVELOPMENT_TEAM = 6YDND8WP69;
				INFOPLIST_FILE = Dangeun/App/Info.plist;
				IPHONEOS_DEPLOYMENT_TARGET = 12.0;
				LD_RUNPATH_SEARCH_PATHS = (
					"$(inherited)",
					"@executable_path/Frameworks",
				);
				PRODUCT_BUNDLE_IDENTIFIER = lina.nali.Dangeun;
				PRODUCT_NAME = "$(TARGET_NAME)";
				SWIFT_VERSION = 5.0;
				TARGETED_DEVICE_FAMILY = "1,2";
			};
			name = Release;
		};
		D3DC469026A8548100E2C7C6 /* Debug */ = {
			isa = XCBuildConfiguration;
			buildSettings = {
				ALWAYS_EMBED_SWIFT_STANDARD_LIBRARIES = YES;
				BUNDLE_LOADER = "$(TEST_HOST)";
				CODE_SIGN_STYLE = Automatic;
				DEVELOPMENT_TEAM = 6YDND8WP69;
				INFOPLIST_FILE = DangeunTests/Info.plist;
				IPHONEOS_DEPLOYMENT_TARGET = 14.2;
				LD_RUNPATH_SEARCH_PATHS = (
					"$(inherited)",
					"@executable_path/Frameworks",
					"@loader_path/Frameworks",
				);
				PRODUCT_BUNDLE_IDENTIFIER = lina.nali.DangeunTests;
				PRODUCT_NAME = "$(TARGET_NAME)";
				SWIFT_VERSION = 5.0;
				TARGETED_DEVICE_FAMILY = "1,2";
				TEST_HOST = "$(BUILT_PRODUCTS_DIR)/Dangeun.app/Dangeun";
			};
			name = Debug;
		};
		D3DC469126A8548100E2C7C6 /* Release */ = {
			isa = XCBuildConfiguration;
			buildSettings = {
				ALWAYS_EMBED_SWIFT_STANDARD_LIBRARIES = YES;
				BUNDLE_LOADER = "$(TEST_HOST)";
				CODE_SIGN_STYLE = Automatic;
				DEVELOPMENT_TEAM = 6YDND8WP69;
				INFOPLIST_FILE = DangeunTests/Info.plist;
				IPHONEOS_DEPLOYMENT_TARGET = 14.2;
				LD_RUNPATH_SEARCH_PATHS = (
					"$(inherited)",
					"@executable_path/Frameworks",
					"@loader_path/Frameworks",
				);
				PRODUCT_BUNDLE_IDENTIFIER = lina.nali.DangeunTests;
				PRODUCT_NAME = "$(TARGET_NAME)";
				SWIFT_VERSION = 5.0;
				TARGETED_DEVICE_FAMILY = "1,2";
				TEST_HOST = "$(BUILT_PRODUCTS_DIR)/Dangeun.app/Dangeun";
			};
			name = Release;
		};
		D3DC469326A8548100E2C7C6 /* Debug */ = {
			isa = XCBuildConfiguration;
			buildSettings = {
				ALWAYS_EMBED_SWIFT_STANDARD_LIBRARIES = YES;
				CODE_SIGN_STYLE = Automatic;
				DEVELOPMENT_TEAM = 6YDND8WP69;
				INFOPLIST_FILE = DangeunUITests/Info.plist;
				LD_RUNPATH_SEARCH_PATHS = (
					"$(inherited)",
					"@executable_path/Frameworks",
					"@loader_path/Frameworks",
				);
				PRODUCT_BUNDLE_IDENTIFIER = lina.nali.DangeunUITests;
				PRODUCT_NAME = "$(TARGET_NAME)";
				SWIFT_VERSION = 5.0;
				TARGETED_DEVICE_FAMILY = "1,2";
				TEST_TARGET_NAME = Dangeun;
			};
			name = Debug;
		};
		D3DC469426A8548100E2C7C6 /* Release */ = {
			isa = XCBuildConfiguration;
			buildSettings = {
				ALWAYS_EMBED_SWIFT_STANDARD_LIBRARIES = YES;
				CODE_SIGN_STYLE = Automatic;
				DEVELOPMENT_TEAM = 6YDND8WP69;
				INFOPLIST_FILE = DangeunUITests/Info.plist;
				LD_RUNPATH_SEARCH_PATHS = (
					"$(inherited)",
					"@executable_path/Frameworks",
					"@loader_path/Frameworks",
				);
				PRODUCT_BUNDLE_IDENTIFIER = lina.nali.DangeunUITests;
				PRODUCT_NAME = "$(TARGET_NAME)";
				SWIFT_VERSION = 5.0;
				TARGETED_DEVICE_FAMILY = "1,2";
				TEST_TARGET_NAME = Dangeun;
			};
			name = Release;
		};
/* End XCBuildConfiguration section */

/* Begin XCConfigurationList section */
		D3DC465D26A8548100E2C7C6 /* Build configuration list for PBXProject "Dangeun" */ = {
			isa = XCConfigurationList;
			buildConfigurations = (
				D3DC468A26A8548100E2C7C6 /* Debug */,
				D3DC468B26A8548100E2C7C6 /* Release */,
			);
			defaultConfigurationIsVisible = 0;
			defaultConfigurationName = Release;
		};
		D3DC468C26A8548100E2C7C6 /* Build configuration list for PBXNativeTarget "Dangeun" */ = {
			isa = XCConfigurationList;
			buildConfigurations = (
				D3DC468D26A8548100E2C7C6 /* Debug */,
				D3DC468E26A8548100E2C7C6 /* Release */,
			);
			defaultConfigurationIsVisible = 0;
			defaultConfigurationName = Release;
		};
		D3DC468F26A8548100E2C7C6 /* Build configuration list for PBXNativeTarget "DangeunTests" */ = {
			isa = XCConfigurationList;
			buildConfigurations = (
				D3DC469026A8548100E2C7C6 /* Debug */,
				D3DC469126A8548100E2C7C6 /* Release */,
			);
			defaultConfigurationIsVisible = 0;
			defaultConfigurationName = Release;
		};
		D3DC469226A8548100E2C7C6 /* Build configuration list for PBXNativeTarget "DangeunUITests" */ = {
			isa = XCConfigurationList;
			buildConfigurations = (
				D3DC469326A8548100E2C7C6 /* Debug */,
				D3DC469426A8548100E2C7C6 /* Release */,
			);
			defaultConfigurationIsVisible = 0;
			defaultConfigurationName = Release;
		};
/* End XCConfigurationList section */
	};
	rootObject = D3DC465A26A8548100E2C7C6 /* Project object */;
}
